
Microsoft Visual Studio Solution File, Format Version 12.00
# Visual Studio Version 17
VisualStudioVersion = 17.10.35013.160
MinimumVisualStudioVersion = 10.0.40219.1
Project("{9A19103F-16F7-4668-BE54-9A1E7A4F7556}") = "SampleGrapQL", "SampleGrapQL.csproj", "{1F54D718-0819-42F8-A525-AD8A80262DC3}"
EndProject
Global
	GlobalSection(SolutionConfigurationPlatforms) = preSolution
		Debug|Any CPU = Debug|Any CPU
		Release|Any CPU = Release|Any CPU
	EndGlobalSection
	GlobalSection(ProjectConfigurationPlatforms) = postSolution
		{1F54D718-0819-42F8-A525-AD8A80262DC3}.Debug|Any CPU.ActiveCfg = Debug|Any CPU
		{1F54D718-0819-42F8-A525-AD8A80262DC3}.Debug|Any CPU.Build.0 = Debug|Any CPU
		{1F54D718-0819-42F8-A525-AD8A80262DC3}.Release|Any CPU.ActiveCfg = Release|Any CPU
		{1F54D718-0819-42F8-A525-AD8A80262DC3}.Release|Any CPU.Build.0 = Release|Any CPU
	EndGlobalSection
	GlobalSection(SolutionProperties) = preSolution
		HideSolutionNode = FALSE
	EndGlobalSection
	GlobalSection(ExtensibilityGlobals) = postSolution
		SolutionGuid = {2C55B1AD-941B-41A2-AA47-9439D8555376}
	EndGlobalSection
EndGlobal
